
Microsoft Visual Studio Solution File, Format Version 12.00
# Visual Studio Version 16
VisualStudioVersion = 16.0.31205.134
MinimumVisualStudioVersion = 10.0.40219.1
Project("{9A19103F-16F7-4668-BE54-9A1E7A4F7556}") = "ExpenseTracker.Api", "ExpenseTracker\ExpenseTracker.Api.csproj", "{AEB78961-1537-4376-8B14-1844492B4E56}"
EndProject
Project("{9A19103F-16F7-4668-BE54-9A1E7A4F7556}") = "ExpenseTracker.Core", "ExpenseTracker.Core\ExpenseTracker.Core.csproj", "{1D2AE8A5-5D38-4652-8A75-10584039A591}"
EndProject
Project("{9A19103F-16F7-4668-BE54-9A1E7A4F7556}") = "ExpenseTracker.Infrastructure", "ExpenseTracker.Infrastructure\ExpenseTracker.Infrastructure.csproj", "{8D5869C9-F270-4317-83BF-2FF615970FC1}"
EndProject
Project("{9A19103F-16F7-4668-BE54-9A1E7A4F7556}") = "ExpenseTracker.Application", "ExpenseTracker.Application\ExpenseTracker.Application.csproj", "{8D07D9A8-6D44-4227-87DA-125511FA87AB}"
EndProject
Global
	GlobalSection(SolutionConfigurationPlatforms) = preSolution
		Debug|Any CPU = Debug|Any CPU
		Release|Any CPU = Release|Any CPU
	EndGlobalSection
	GlobalSection(ProjectConfigurationPlatforms) = postSolution
		{AEB78961-1537-4376-8B14-1844492B4E56}.Debug|Any CPU.ActiveCfg = Debug|Any CPU
		{AEB78961-1537-4376-8B14-1844492B4E56}.Debug|Any CPU.Build.0 = Debug|Any CPU
		{AEB78961-1537-4376-8B14-1844492B4E56}.Release|Any CPU.ActiveCfg = Release|Any CPU
		{AEB78961-1537-4376-8B14-1844492B4E56}.Release|Any CPU.Build.0 = Release|Any CPU
		{1D2AE8A5-5D38-4652-8A75-10584039A591}.Debug|Any CPU.ActiveCfg = Debug|Any CPU
		{1D2AE8A5-5D38-4652-8A75-10584039A591}.Debug|Any CPU.Build.0 = Debug|Any CPU
		{1D2AE8A5-5D38-4652-8A75-10584039A591}.Release|Any CPU.ActiveCfg = Release|Any CPU
		{1D2AE8A5-5D38-4652-8A75-10584039A591}.Release|Any CPU.Build.0 = Release|Any CPU
		{8D5869C9-F270-4317-83BF-2FF615970FC1}.Debug|Any CPU.ActiveCfg = Debug|Any CPU
		{8D5869C9-F270-4317-83BF-2FF615970FC1}.Debug|Any CPU.Build.0 = Debug|Any CPU
		{8D5869C9-F270-4317-83BF-2FF615970FC1}.Release|Any CPU.ActiveCfg = Release|Any CPU
		{8D5869C9-F270-4317-83BF-2FF615970FC1}.Release|Any CPU.Build.0 = Release|Any CPU
		{8D07D9A8-6D44-4227-87DA-125511FA87AB}.Debug|Any CPU.ActiveCfg = Debug|Any CPU
		{8D07D9A8-6D44-4227-87DA-125511FA87AB}.Debug|Any CPU.Build.0 = Debug|Any CPU
		{8D07D9A8-6D44-4227-87DA-125511FA87AB}.Release|Any CPU.ActiveCfg = Release|Any CPU
		{8D07D9A8-6D44-4227-87DA-125511FA87AB}.Release|Any CPU.Build.0 = Release|Any CPU
	EndGlobalSection
	GlobalSection(SolutionProperties) = preSolution
		HideSolutionNode = FALSE
	EndGlobalSection
	GlobalSection(ExtensibilityGlobals) = postSolution
		SolutionGuid = {0305D3FA-FBF0-421F-B14E-767F264E965A}
	EndGlobalSection
EndGlobal
